
Microsoft Visual Studio Solution File, Format Version 12.00
# Visual Studio Version 17
VisualStudioVersion = 17.2.32526.322
MinimumVisualStudioVersion = 10.0.40219.1
Project("{FAE04EC0-301F-11D3-BF4B-00C04F79EFBC}") = "Infrastructure", "Infrastructure.csproj", "{B56A3522-809D-4068-81B7-736135BAFA6D}"
EndProject
Global
	GlobalSection(SolutionConfigurationPlatforms) = preSolution
		Debug|Any CPU = Debug|Any CPU
		Release|Any CPU = Release|Any CPU
	EndGlobalSection
	GlobalSection(ProjectConfigurationPlatforms) = postSolution
		{B56A3522-809D-4068-81B7-736135BAFA6D}.Debug|Any CPU.ActiveCfg = Debug|Any CPU
		{B56A3522-809D-4068-81B7-736135BAFA6D}.Debug|Any CPU.Build.0 = Debug|Any CPU
		{B56A3522-809D-4068-81B7-736135BAFA6D}.Release|Any CPU.ActiveCfg = Release|Any CPU
		{B56A3522-809D-4068-81B7-736135BAFA6D}.Release|Any CPU.Build.0 = Release|Any CPU
	EndGlobalSection
	GlobalSection(SolutionProperties) = preSolution
		HideSolutionNode = FALSE
	EndGlobalSection
	GlobalSection(ExtensibilityGlobals) = postSolution
		SolutionGuid = {DA816BA0-8861-4929-BA10-B438D8B32D57}
	EndGlobalSection
EndGlobal
